github.com/mitchellh/go-homedir v1.1.0 h1:lukF9ziXFxDFPkA1vsr5zpc1XuPDn/wFntq5mG+4E0Y=
github.com/mitchellh/go-homedir v1.1.0/go.mod h1:SfyaCUpYCn1Vlf4IUYiD9fPX4A5wJrkLzIz1N1q0pr0=
gopkg.ilharper.com/koi/core v0.8.1 h1:rv+fk8pxHU4s3kSBEDa3WPcvCDNPRrdGbR4HQ1BZFLw=
gopkg.ilharper.com/koi/core v0.8.1/go.mod h1:w8fJnF76J88jdue73EvZygXlqIsqU83cb828a8MMOhA=
