github.com/davecgh/go-spew v1.1.0/go.mod h1:J7Y8YcW2NihsgmVo/mv3lAwl/skON4iLHjSsI+c5H38=
github.com/davecgh/go-spew v1.1.1 h1:vj9j/u1bqnvCEfJOwUhtlOARqs3+rkHYY13jYWTU97c=
github.com/davecgh/go-spew v1.1.1/go.mod h1:J7Y8YcW2NihsgmVo/mv3lAwl/skON4iLHjSsI+c5H38=
github.com/goccy/go-json v0.9.10 h1:hCeNmprSNLB8B8vQKWl6DpuH0t60oEs+TAk9a7CScKc=
github.com/goccy/go-json v0.9.10/go.mod h1:6MelG93GURQebXPDq3khkgXZkazVtN9CRI+MGFi0w8I=
github.com/mitchellh/mapstructure v1.5.0 h1:jeMsZIYE/09sWLaz43PL7Gy6RuMjD2eJVyuac5Z2hdY=
github.com/mitchellh/mapstructure v1.5.0/go.mod h1:bFUtVrKA4DC2yAKiSyO/QUcy7e+RRV2QTWOzhPopBRo=
github.com/pmezard/go-difflib v1.0.0 h1:4DBwDE0NGyQoBHbLQYPwSUPoCMWR5BEzIk/f1lZbAQM=
github.com/pmezard/go-difflib v1.0.0/go.mod h1:iKH77koFhYxTK1pcRnkKkqfTogsbg7gZNVY4sRDYZ/4=
github.com/samber/do v1.2.0 h1:XoT3vNKCAjWfzbp1f25iSlJ55DxQjX3tdEDqcen6ByM=
github.com/samber/do v1.2.0/go.mod h1:xwCO5lXRivdZzNXuCegYgF0IlRioumVq8mnF5JNNKOU=
github.com/stretchr/objx v0.1.0/go.mod h1:HFkY916IF+rwdDfMAkV7OtwuqBVzrE8GR6GFx+wExME=
github.com/stretchr/objx v0.4.0/go.mod h1:YvHI0jy2hoMjB+UWwv71VJQ9isScKT/TqJzVSSt89Yw=
github.com/stretchr/testify v1.7.1/go.mod h1:6Fq8oRcR53rry900zMqJjRRixrwX3KX962/h/Wwjteg=
github.com/stretchr/testify v1.8.0 h1:pSgiaMZlXftHpm5L7V1+rVB+AZJydKsMxsQBIJw4PKk=
github.com/stretchr/testify v1.8.0/go.mod h1:yNjHg4UonilssWZ8iaSj1OCr/vHnekPRkoO+kdMU+MU=
golang.org/x/net v0.0.0-20220809012201-f428fae20770 h1:dIi4qVdvjZEjiMDv7vhokAZNGnz3kepwuXqFKYDdDMs=
golang.org/x/net v0.0.0-20220809012201-f428fae20770/go.mod h1:YDH+HFinaLZZlnHAfSS6ZXJJ9M9t4Dl22yv3iI2vPwk=
golang.org/x/sys v0.0.0-20210616045830-e2b7044e8c71/go.mod h1:oPkhp1MJrh7nUepCBck5+mAzfO9JrbApNNgaTdGDITg=
golang.org/x/sys v0.0.0-20220722155257-8c9f86f7a55f/go.mod h1:oPkhp1MJrh7nUepCBck5+mAzfO9JrbApNNgaTdGDITg=
golang.org/x/sys v0.0.0-20220728004956-3c1f35247d10 h1:WIoqL4EROvwiPdUtaip4VcDdpZ4kha7wBWZrbVKCIZg=
golang.org/x/sys v0.0.0-20220728004956-3c1f35247d10/go.mod h1:oPkhp1MJrh7nUepCBck5+mAzfO9JrbApNNgaTdGDITg=
golang.org/x/text v0.3.7 h1:olpwvP2KacW1ZWvsR7uQhoyTYvKAupfQrRGBFM352Gk=
golang.org/x/text v0.3.7/go.mod h1:u+2+/6zg+i71rQMx5EYifcz6MCKuco9NR6JIITiCfzQ=
gopkg.ilharper.com/x/browser v1.0.0 h1:9oWk1mlFxmBKxu9xDK4Vp5NPlXXXb2aPQG+uLs+CHm4=
gopkg.ilharper.com/x/browser v1.0.0/go.mod h1:mA3Hb0QIk0dyb9EABiHGFmLopASY4lzm00y2aMR1PFE=
gopkg.ilharper.com/x/colette v0.1.0 h1:7MCJA0n5g6+wriYSepnJpGUBMQAUfoipTGCp4lJWkg8=
gopkg.ilharper.com/x/colette v0.1.0/go.mod h1:maa00kijpiojqfY5IURkFkItBE/ajA3e9Gx/aDBBoqw=
gopkg.ilharper.com/x/isatty v1.0.1 h1:tdoWUKjuvIA/D57JFtLo8JWCF+M1bPw6Wiv8DzcOD+s=
gopkg.ilharper.com/x/isatty v1.0.1/go.mod h1:Kr3mbYEPfNsY0EtbYhbtfC99Jiex7YE6ulRzlfA/NJI=
gopkg.ilharper.com/x/rpl v0.2.0 h1:X9w6qD4oYTP/C5gs6RUl8DopGqf1jpWZm7Qk3ecoMKQ=
gopkg.ilharper.com/x/rpl v0.2.0/go.mod h1:2/B6DQY0yOsMPoP+UzrmoZbkHgu+rkR1KtveXiS8pwk=
gopkg.ilharper.com/x/supcolor v1.0.0 h1:+JCeatjuGQnCH/faG34s2qBLKEdVWLSZQuFl5ryZTrk=
gopkg.ilharper.com/x/supcolor v1.0.0/go.mod h1:+KcGL5qgyeGTWOGElVBmtWhPBkvMOklPlG64/tjrDGc=
gopkg.in/check.v1 v0.0.0-20161208181325-20d25e280405/go.mod h1:Co6ibVJAznAaIkqp8huTwlJQCZ016jof/cbN4VW5Yz0=
gopkg.in/yaml.v3 v3.0.0-20200313102051-9f266ea9e77c/go.mod h1:K4uyk7z7BCEPqu6E+C64Yfv1cQ7kz7rIZviUmN+EgEM=
gopkg.in/yaml.v3 v3.0.1 h1:fxVm/GzAzEWqLHuvctI91KS9hhNmmWOoWu0XTYJS7CA=
gopkg.in/yaml.v3 v3.0.1/go.mod h1:K4uyk7z7BCEPqu6E+C64Yfv1cQ7kz7rIZviUmN+EgEM=
