{
  "pins" : [
    {
      "identity" : "swiftui-webview",
      "kind" : "remoteSourceControl",
      "location" : "https://github.com/kylehickinson/SwiftUI-WebView",
      "state" : {
        "revision" : "a67dcaff2377573a51f75761bb6e768b78931909",
        "version" : "0.3.0"
      }
    }
  ],
  "version" : 2
}
